// !$*UTF8*$!
{
	archiveVersion = 1;
	classes = {
	};
	objectVersion = 50;
	objects = {

/* Begin PBXBuildFile section */
		586DEBF0210B2DCA00A4A5F9 /* HistoryCell.swift in Sources */ = {isa = PBXBuildFile; fileRef = 586DEBEF210B2DCA00A4A5F9 /* HistoryCell.swift */; };
		5870BA90210756DE00C90498 /* Animations.swift in Sources */ = {isa = PBXBuildFile; fileRef = 5870BA8F210756DE00C90498 /* Animations.swift */; };
		588927002105FFBA00E642B7 /* DesignableUISlider.swift in Sources */ = {isa = PBXBuildFile; fileRef = 588926FF2105FFBA00E642B7 /* DesignableUISlider.swift */; };
		5889270221060A5300E642B7 /* Assets.xcassets in Resources */ = {isa = PBXBuildFile; fileRef = 5889270121060A5300E642B7 /* Assets.xcassets */; };
		58927CA820FCDCD100D91E47 /* AboutAppController.swift in Sources */ = {isa = PBXBuildFile; fileRef = 58927CA720FCDCD100D91E47 /* AboutAppController.swift */; };
		58927CAA20FCE44A00D91E47 /* FeedbackController.swift in Sources */ = {isa = PBXBuildFile; fileRef = 58927CA920FCE44A00D91E47 /* FeedbackController.swift */; };
		58927CAC20FCE9B200D91E47 /* privacy_policy.html in Resources */ = {isa = PBXBuildFile; fileRef = 58927CAB20FCE9B200D91E47 /* privacy_policy.html */; };
		58B23B2A20FE1C640044CABC /* QuranCompleteController.swift in Sources */ = {isa = PBXBuildFile; fileRef = 58B23B2920FE1C640044CABC /* QuranCompleteController.swift */; };
		58B23B2C20FE22510044CABC /* SearchCell.swift in Sources */ = {isa = PBXBuildFile; fileRef = 58B23B2B20FE22510044CABC /* SearchCell.swift */; };
		58B23B2E20FE3B260044CABC /* SurahCompletlyController.swift in Sources */ = {isa = PBXBuildFile; fileRef = 58B23B2D20FE3B260044CABC /* SurahCompletlyController.swift */; };
		58E1CB0A210872E1004A3CC4 /* HistoryController.swift in Sources */ = {isa = PBXBuildFile; fileRef = 58E1CB09210872E1004A3CC4 /* HistoryController.swift */; };
		58E1CB0C210877E4004A3CC4 /* TempDatabase.swift in Sources */ = {isa = PBXBuildFile; fileRef = 58E1CB0B210877E4004A3CC4 /* TempDatabase.swift */; };
		58EE65842100A4DC00DC2C27 /* terms.html in Resources */ = {isa = PBXBuildFile; fileRef = 58EE65832100A4DB00DC2C27 /* terms.html */; };
		7AF4446F7078CA0EF130BA7E /* Pods_Quran_Search_Engine.framework in Frameworks */ = {isa = PBXBuildFile; fileRef = D0FEEE2437DD6A8AA5411F7A /* Pods_Quran_Search_Engine.framework */; };
		F213BE0720F9F183007D336B /* AppDelegate.swift in Sources */ = {isa = PBXBuildFile; fileRef = F213BE0620F9F183007D336B /* AppDelegate.swift */; };
		F213BE0920F9F183007D336B /* MainController.swift in Sources */ = {isa = PBXBuildFile; fileRef = F213BE0820F9F183007D336B /* MainController.swift */; };
		F213BE0C20F9F183007D336B /* Main.storyboard in Resources */ = {isa = PBXBuildFile; fileRef = F213BE0A20F9F183007D336B /* Main.storyboard */; };
		F213BE1120F9F18F007D336B /* LaunchScreen.storyboard in Resources */ = {isa = PBXBuildFile; fileRef = F213BE0F20F9F18F007D336B /* LaunchScreen.storyboard */; };
		F213BE1D20FA083A007D336B /* SideMenuCell.swift in Sources */ = {isa = PBXBuildFile; fileRef = F213BE1C20FA083A007D336B /* SideMenuCell.swift */; };
		F213BE1F20FA0B65007D336B /* DataSource.swift in Sources */ = {isa = PBXBuildFile; fileRef = F213BE1E20FA0B65007D336B /* DataSource.swift */; };
		F213BE2120FA21DE007D336B /* ResultTableCell.swift in Sources */ = {isa = PBXBuildFile; fileRef = F213BE2020FA21DE007D336B /* ResultTableCell.swift */; };
		F213BE2520FA3308007D336B /* ServiceData.swift in Sources */ = {isa = PBXBuildFile; fileRef = F213BE2420FA3308007D336B /* ServiceData.swift */; };
		F213BE2820FA3AC5007D336B /* Quran.txt in Resources */ = {isa = PBXBuildFile; fileRef = F213BE2720FA3AC5007D336B /* Quran.txt */; };
		F213BE2A20FA3F1B007D336B /* FileReader.swift in Sources */ = {isa = PBXBuildFile; fileRef = F213BE2920FA3F1B007D336B /* FileReader.swift */; };
		F213BE2F20FA7A29007D336B /* EnglishNumberToArabic.swift in Sources */ = {isa = PBXBuildFile; fileRef = F213BE2E20FA7A29007D336B /* EnglishNumberToArabic.swift */; };
		F249184420FA8F89000D8029 /* MBProgressHUD.framework in Frameworks */ = {isa = PBXBuildFile; fileRef = F249184320FA8F89000D8029 /* MBProgressHUD.framework */; };
		F249184720FA9891000D8029 /* SearchResultObj.swift in Sources */ = {isa = PBXBuildFile; fileRef = F249184620FA9891000D8029 /* SearchResultObj.swift */; };
		F249184920FAAAE1000D8029 /* DetailController.swift in Sources */ = {isa = PBXBuildFile; fileRef = F249184820FAAAE1000D8029 /* DetailController.swift */; };
		F26CAF7321123663009265AC /* TextField.swift in Sources */ = {isa = PBXBuildFile; fileRef = F26CAF7221123663009265AC /* TextField.swift */; };
/* End PBXBuildFile section */

/* Begin PBXFileReference section */
		0C602C2D27377EF3C13FAD28 /* Pods-Quran Search Engine.debug.xcconfig */ = {isa = PBXFileReference; includeInIndex = 1; lastKnownFileType = text.xcconfig; name = "Pods-Quran Search Engine.debug.xcconfig"; path = "Pods/Target Support Files/Pods-Quran Search Engine/Pods-Quran Search Engine.debug.xcconfig"; sourceTree = "<group>"; };
		586DEBEF210B2DCA00A4A5F9 /* HistoryCell.swift */ = {isa = PBXFileReference; lastKnownFileType = sourcecode.swift; path = HistoryCell.swift; sourceTree = "<group>"; };
		5870BA8F210756DE00C90498 /* Animations.swift */ = {isa = PBXFileReference; lastKnownFileType = sourcecode.swift; path = Animations.swift; sourceTree = "<group>"; };
		588926FF2105FFBA00E642B7 /* DesignableUISlider.swift */ = {isa = PBXFileReference; lastKnownFileType = sourcecode.swift; path = DesignableUISlider.swift; sourceTree = "<group>"; };
		5889270121060A5300E642B7 /* Assets.xcassets */ = {isa = PBXFileReference; lastKnownFileType = folder.assetcatalog; path = Assets.xcassets; sourceTree = "<group>"; };
		58927CA720FCDCD100D91E47 /* AboutAppController.swift */ = {isa = PBXFileReference; lastKnownFileType = sourcecode.swift; path = AboutAppController.swift; sourceTree = "<group>"; };
		58927CA920FCE44A00D91E47 /* FeedbackController.swift */ = {isa = PBXFileReference; lastKnownFileType = sourcecode.swift; path = FeedbackController.swift; sourceTree = "<group>"; };
		58927CAB20FCE9B200D91E47 /* privacy_policy.html */ = {isa = PBXFileReference; fileEncoding = 4; lastKnownFileType = text.html; path = privacy_policy.html; sourceTree = "<group>"; };
		58B23B2920FE1C640044CABC /* QuranCompleteController.swift */ = {isa = PBXFileReference; lastKnownFileType = sourcecode.swift; path = QuranCompleteController.swift; sourceTree = "<group>"; };
		58B23B2B20FE22510044CABC /* SearchCell.swift */ = {isa = PBXFileReference; lastKnownFileType = sourcecode.swift; path = SearchCell.swift; sourceTree = "<group>"; };
		58B23B2D20FE3B260044CABC /* SurahCompletlyController.swift */ = {isa = PBXFileReference; lastKnownFileType = sourcecode.swift; path = SurahCompletlyController.swift; sourceTree = "<group>"; };
		58E1CB09210872E1004A3CC4 /* HistoryController.swift */ = {isa = PBXFileReference; lastKnownFileType = sourcecode.swift; path = HistoryController.swift; sourceTree = "<group>"; };
		58E1CB0B210877E4004A3CC4 /* TempDatabase.swift */ = {isa = PBXFileReference; lastKnownFileType = sourcecode.swift; path = TempDatabase.swift; sourceTree = "<group>"; };
		58EE65832100A4DB00DC2C27 /* terms.html */ = {isa = PBXFileReference; lastKnownFileType = text.html; path = terms.html; sourceTree = "<group>"; };
		736445692B7DA9916E9AD1D0 /* Pods-Quran Search Engine.release.xcconfig */ = {isa = PBXFileReference; includeInIndex = 1; lastKnownFileType = text.xcconfig; name = "Pods-Quran Search Engine.release.xcconfig"; path = "Pods/Target Support Files/Pods-Quran Search Engine/Pods-Quran Search Engine.release.xcconfig"; sourceTree = "<group>"; };
		D0FEEE2437DD6A8AA5411F7A /* Pods_Quran_Search_Engine.framework */ = {isa = PBXFileReference; explicitFileType = wrapper.framework; includeInIndex = 0; path = Pods_Quran_Search_Engine.framework; sourceTree = BUILT_PRODUCTS_DIR; };
		F213BE0320F9F183007D336B /* Quran Search Engine.app */ = {isa = PBXFileReference; explicitFileType = wrapper.application; includeInIndex = 0; path = "Quran Search Engine.app"; sourceTree = BUILT_PRODUCTS_DIR; };
		F213BE0620F9F183007D336B /* AppDelegate.swift */ = {isa = PBXFileReference; lastKnownFileType = sourcecode.swift; path = AppDelegate.swift; sourceTree = "<group>"; };
		F213BE0820F9F183007D336B /* MainController.swift */ = {isa = PBXFileReference; lastKnownFileType = sourcecode.swift; path = MainController.swift; sourceTree = "<group>"; };
		F213BE0B20F9F183007D336B /* Base */ = {isa = PBXFileReference; lastKnownFileType = file.storyboard; name = Base; path = Base.lproj/Main.storyboard; sourceTree = "<group>"; };
		F213BE1020F9F18F007D336B /* Base */ = {isa = PBXFileReference; lastKnownFileType = file.storyboard; name = Base; path = Base.lproj/LaunchScreen.storyboard; sourceTree = "<group>"; };
		F213BE1220F9F18F007D336B /* Info.plist */ = {isa = PBXFileReference; lastKnownFileType = text.plist.xml; path = Info.plist; sourceTree = "<group>"; };
		F213BE1C20FA083A007D336B /* SideMenuCell.swift */ = {isa = PBXFileReference; lastKnownFileType = sourcecode.swift; path = SideMenuCell.swift; sourceTree = "<group>"; };
		F213BE1E20FA0B65007D336B /* DataSource.swift */ = {isa = PBXFileReference; lastKnownFileType = sourcecode.swift; path = DataSource.swift; sourceTree = "<group>"; };
		F213BE2020FA21DE007D336B /* ResultTableCell.swift */ = {isa = PBXFileReference; lastKnownFileType = sourcecode.swift; path = ResultTableCell.swift; sourceTree = "<group>"; };
		F213BE2420FA3308007D336B /* ServiceData.swift */ = {isa = PBXFileReference; lastKnownFileType = sourcecode.swift; path = ServiceData.swift; sourceTree = "<group>"; };
		F213BE2720FA3AC5007D336B /* Quran.txt */ = {isa = PBXFileReference; fileEncoding = 4; lastKnownFileType = text; path = Quran.txt; sourceTree = "<group>"; };
		F213BE2920FA3F1B007D336B /* FileReader.swift */ = {isa = PBXFileReference; lastKnownFileType = sourcecode.swift; path = FileReader.swift; sourceTree = "<group>"; };
		F213BE2E20FA7A29007D336B /* EnglishNumberToArabic.swift */ = {isa = PBXFileReference; lastKnownFileType = sourcecode.swift; path = EnglishNumberToArabic.swift; sourceTree = "<group>"; };
		F249184320FA8F89000D8029 /* MBProgressHUD.framework */ = {isa = PBXFileReference; explicitFileType = wrapper.framework; path = MBProgressHUD.framework; sourceTree = BUILT_PRODUCTS_DIR; };
		F249184620FA9891000D8029 /* SearchResultObj.swift */ = {isa = PBXFileReference; lastKnownFileType = sourcecode.swift; path = SearchResultObj.swift; sourceTree = "<group>"; };
		F249184820FAAAE1000D8029 /* DetailController.swift */ = {isa = PBXFileReference; lastKnownFileType = sourcecode.swift; path = DetailController.swift; sourceTree = "<group>"; };
		F26CAF7221123663009265AC /* TextField.swift */ = {isa = PBXFileReference; lastKnownFileType = sourcecode.swift; path = TextField.swift; sourceTree = "<group>"; };
/* End PBXFileReference section */

/* Begin PBXFrameworksBuildPhase section */
		F213BE0020F9F183007D336B /* Frameworks */ = {
			isa = PBXFrameworksBuildPhase;
			buildActionMask = 2147483647;
			files = (
				F249184420FA8F89000D8029 /* MBProgressHUD.framework in Frameworks */,
				7AF4446F7078CA0EF130BA7E /* Pods_Quran_Search_Engine.framework in Frameworks */,
			);
			runOnlyForDeploymentPostprocessing = 0;
		};
/* End PBXFrameworksBuildPhase section */

/* Begin PBXGroup section */
		0871F6C7D6823485BE00CBC1 /* Pods */ = {
			isa = PBXGroup;
			children = (
				0C602C2D27377EF3C13FAD28 /* Pods-Quran Search Engine.debug.xcconfig */,
				736445692B7DA9916E9AD1D0 /* Pods-Quran Search Engine.release.xcconfig */,
			);
			name = Pods;
			sourceTree = "<group>";
		};
		5B09B74738B5D2C4E8070601 /* Frameworks */ = {
			isa = PBXGroup;
			children = (
				F249184320FA8F89000D8029 /* MBProgressHUD.framework */,
				D0FEEE2437DD6A8AA5411F7A /* Pods_Quran_Search_Engine.framework */,
			);
			name = Frameworks;
			sourceTree = "<group>";
		};
		F213BDFA20F9F183007D336B = {
			isa = PBXGroup;
			children = (
				F213BE0520F9F183007D336B /* Quran Search Engine */,
				F213BE0420F9F183007D336B /* Products */,
				0871F6C7D6823485BE00CBC1 /* Pods */,
				5B09B74738B5D2C4E8070601 /* Frameworks */,
			);
			sourceTree = "<group>";
		};
		F213BE0420F9F183007D336B /* Products */ = {
			isa = PBXGroup;
			children = (
				F213BE0320F9F183007D336B /* Quran Search Engine.app */,
			);
			name = Products;
			sourceTree = "<group>";
		};
		F213BE0520F9F183007D336B /* Quran Search Engine */ = {
			isa = PBXGroup;
			children = (
				F249184520FA9876000D8029 /* Model */,
				F213BE2B20FA40A1007D336B /* TableCells */,
				F213BE2620FA3ABA007D336B /* Resources */,
				F213BE1B20FA081A007D336B /* Util */,
				F213BE1A20F9F42D007D336B /* Controller */,
				F213BE1920F9F421007D336B /* Base */,
				F213BE1820F9F40B007D336B /* View */,
				5889270121060A5300E642B7 /* Assets.xcassets */,
				F213BE1220F9F18F007D336B /* Info.plist */,
			);
			path = "Quran Search Engine";
			sourceTree = "<group>";
		};
		F213BE1820F9F40B007D336B /* View */ = {
			isa = PBXGroup;
			children = (
				F213BE0A20F9F183007D336B /* Main.storyboard */,
				F213BE0F20F9F18F007D336B /* LaunchScreen.storyboard */,
			);
			path = View;
			sourceTree = "<group>";
		};
		F213BE1920F9F421007D336B /* Base */ = {
			isa = PBXGroup;
			children = (
				F213BE0620F9F183007D336B /* AppDelegate.swift */,
			);
			path = Base;
			sourceTree = "<group>";
		};
		F213BE1A20F9F42D007D336B /* Controller */ = {
			isa = PBXGroup;
			children = (
				F213BE0820F9F183007D336B /* MainController.swift */,
				F249184820FAAAE1000D8029 /* DetailController.swift */,
				58927CA720FCDCD100D91E47 /* AboutAppController.swift */,
				58927CA920FCE44A00D91E47 /* FeedbackController.swift */,
				58B23B2920FE1C640044CABC /* QuranCompleteController.swift */,
				58B23B2D20FE3B260044CABC /* SurahCompletlyController.swift */,
				58E1CB09210872E1004A3CC4 /* HistoryController.swift */,
			);
			path = Controller;
			sourceTree = "<group>";
		};
		F213BE1B20FA081A007D336B /* Util */ = {
			isa = PBXGroup;
			children = (
				F213BE1E20FA0B65007D336B /* DataSource.swift */,
				F213BE2420FA3308007D336B /* ServiceData.swift */,
				F213BE2920FA3F1B007D336B /* FileReader.swift */,
				F213BE2E20FA7A29007D336B /* EnglishNumberToArabic.swift */,
				588926FF2105FFBA00E642B7 /* DesignableUISlider.swift */,
				5870BA8F210756DE00C90498 /* Animations.swift */,
				58E1CB0B210877E4004A3CC4 /* TempDatabase.swift */,
				F26CAF7221123663009265AC /* TextField.swift */,
			);
			path = Util;
			sourceTree = "<group>";
		};
		F213BE2620FA3ABA007D336B /* Resources */ = {
			isa = PBXGroup;
			children = (
				58927CAB20FCE9B200D91E47 /* privacy_policy.html */,
				58EE65832100A4DB00DC2C27 /* terms.html */,
				F213BE2720FA3AC5007D336B /* Quran.txt */,
			);
			path = Resources;
			sourceTree = "<group>";
		};
		F213BE2B20FA40A1007D336B /* TableCells */ = {
			isa = PBXGroup;
			children = (
				F213BE1C20FA083A007D336B /* SideMenuCell.swift */,
				F213BE2020FA21DE007D336B /* ResultTableCell.swift */,
				58B23B2B20FE22510044CABC /* SearchCell.swift */,
				586DEBEF210B2DCA00A4A5F9 /* HistoryCell.swift */,
			);
			path = TableCells;
			sourceTree = "<group>";
		};
		F249184520FA9876000D8029 /* Model */ = {
			isa = PBXGroup;
			children = (
				F249184620FA9891000D8029 /* SearchResultObj.swift */,
			);
			path = Model;
			sourceTree = "<group>";
		};
/* End PBXGroup section */

/* Begin PBXNativeTarget section */
		F213BE0220F9F183007D336B /* Quran Search Engine */ = {
			isa = PBXNativeTarget;
			buildConfigurationList = F213BE1520F9F18F007D336B /* Build configuration list for PBXNativeTarget "Quran Search Engine" */;
			buildPhases = (
				65555AC7FEE6895FE2F91E86 /* [CP] Check Pods Manifest.lock */,
				F213BDFF20F9F183007D336B /* Sources */,
				F213BE0020F9F183007D336B /* Frameworks */,
				F213BE0120F9F183007D336B /* Resources */,
				05DEAB22BE1223DD1A8A64B9 /* [CP] Embed Pods Frameworks */,
			);
			buildRules = (
			);
			dependencies = (
			);
			name = "Quran Search Engine";
			productName = "Quran Search Engine";
			productReference = F213BE0320F9F183007D336B /* Quran Search Engine.app */;
			productType = "com.apple.product-type.application";
		};
/* End PBXNativeTarget section */

/* Begin PBXProject section */
		F213BDFB20F9F183007D336B /* Project object */ = {
			isa = PBXProject;
			attributes = {
				LastSwiftUpdateCheck = 0940;
				LastUpgradeCheck = 0940;
				ORGANIZATIONNAME = "Coder ACJHP";
				TargetAttributes = {
					F213BE0220F9F183007D336B = {
						CreatedOnToolsVersion = 9.4.1;
					};
				};
			};
			buildConfigurationList = F213BDFE20F9F183007D336B /* Build configuration list for PBXProject "Quran Search Engine" */;
			compatibilityVersion = "Xcode 9.3";
			developmentRegion = en;
			hasScannedForEncodings = 0;
			knownRegions = (
				en,
				Base,
			);
			mainGroup = F213BDFA20F9F183007D336B;
			productRefGroup = F213BE0420F9F183007D336B /* Products */;
			projectDirPath = "";
			projectRoot = "";
			targets = (
				F213BE0220F9F183007D336B /* Quran Search Engine */,
			);
		};
/* End PBXProject section */

/* Begin PBXResourcesBuildPhase section */
		F213BE0120F9F183007D336B /* Resources */ = {
			isa = PBXResourcesBuildPhase;
			buildActionMask = 2147483647;
			files = (
				58EE65842100A4DC00DC2C27 /* terms.html in Resources */,
				F213BE1120F9F18F007D336B /* LaunchScreen.storyboard in Resources */,
				58927CAC20FCE9B200D91E47 /* privacy_policy.html in Resources */,
				F213BE2820FA3AC5007D336B /* Quran.txt in Resources */,
				5889270221060A5300E642B7 /* Assets.xcassets in Resources */,
				F213BE0C20F9F183007D336B /* Main.storyboard in Resources */,
			);
			runOnlyForDeploymentPostprocessing = 0;
		};
/* End PBXResourcesBuildPhase section */

/* Begin PBXShellScriptBuildPhase section */
		05DEAB22BE1223DD1A8A64B9 /* [CP] Embed Pods Frameworks */ = {
			isa = PBXShellScriptBuildPhase;
			buildActionMask = 2147483647;
			files = (
			);
			inputPaths = (
				"${SRCROOT}/Pods/Target Support Files/Pods-Quran Search Engine/Pods-Quran Search Engine-frameworks.sh",
				"${BUILT_PRODUCTS_DIR}/MBProgressHUD/MBProgressHUD.framework",
			);
			name = "[CP] Embed Pods Frameworks";
			outputPaths = (
				"${TARGET_BUILD_DIR}/${FRAMEWORKS_FOLDER_PATH}/MBProgressHUD.framework",
			);
			runOnlyForDeploymentPostprocessing = 0;
			shellPath = /bin/sh;
			shellScript = "\"${SRCROOT}/Pods/Target Support Files/Pods-Quran Search Engine/Pods-Quran Search Engine-frameworks.sh\"\n";
			showEnvVarsInLog = 0;
		};
		65555AC7FEE6895FE2F91E86 /* [CP] Check Pods Manifest.lock */ = {
			isa = PBXShellScriptBuildPhase;
			buildActionMask = 2147483647;
			files = (
			);
			inputPaths = (
				"${PODS_PODFILE_DIR_PATH}/Podfile.lock",
				"${PODS_ROOT}/Manifest.lock",
			);
			name = "[CP] Check Pods Manifest.lock";
			outputPaths = (
				"$(DERIVED_FILE_DIR)/Pods-Quran Search Engine-checkManifestLockResult.txt",
			);
			runOnlyForDeploymentPostprocessing = 0;
			shellPath = /bin/sh;
			shellScript = "diff \"${PODS_PODFILE_DIR_PATH}/Podfile.lock\" \"${PODS_ROOT}/Manifest.lock\" > /dev/null\nif [ $? != 0 ] ; then\n    # print error to STDERR\n    echo \"error: The sandbox is not in sync with the Podfile.lock. Run 'pod install' or update your CocoaPods installation.\" >&2\n    exit 1\nfi\n# This output is used by Xcode 'outputs' to avoid re-running this script phase.\necho \"SUCCESS\" > \"${SCRIPT_OUTPUT_FILE_0}\"\n";
			showEnvVarsInLog = 0;
		};
/* End PBXShellScriptBuildPhase section */

/* Begin PBXSourcesBuildPhase section */
		F213BDFF20F9F183007D336B /* Sources */ = {
			isa = PBXSourcesBuildPhase;
			buildActionMask = 2147483647;
			files = (
				F213BE0920F9F183007D336B /* MainController.swift in Sources */,
				F213BE2120FA21DE007D336B /* ResultTableCell.swift in Sources */,
				5870BA90210756DE00C90498 /* Animations.swift in Sources */,
				F26CAF7321123663009265AC /* TextField.swift in Sources */,
				588927002105FFBA00E642B7 /* DesignableUISlider.swift in Sources */,
				58E1CB0C210877E4004A3CC4 /* TempDatabase.swift in Sources */,
				58B23B2A20FE1C640044CABC /* QuranCompleteController.swift in Sources */,
				58B23B2C20FE22510044CABC /* SearchCell.swift in Sources */,
				F213BE2A20FA3F1B007D336B /* FileReader.swift in Sources */,
				58927CA820FCDCD100D91E47 /* AboutAppController.swift in Sources */,
				F213BE1D20FA083A007D336B /* SideMenuCell.swift in Sources */,
				F213BE1F20FA0B65007D336B /* DataSource.swift in Sources */,
				F213BE0720F9F183007D336B /* AppDelegate.swift in Sources */,
				F249184720FA9891000D8029 /* SearchResultObj.swift in Sources */,
				58E1CB0A210872E1004A3CC4 /* HistoryController.swift in Sources */,
				586DEBF0210B2DCA00A4A5F9 /* HistoryCell.swift in Sources */,
				58927CAA20FCE44A00D91E47 /* FeedbackController.swift in Sources */,
				F213BE2F20FA7A29007D336B /* EnglishNumberToArabic.swift in Sources */,
				F249184920FAAAE1000D8029 /* DetailController.swift in Sources */,
				58B23B2E20FE3B260044CABC /* SurahCompletlyController.swift in Sources */,
				F213BE2520FA3308007D336B /* ServiceData.swift in Sources */,
			);
			runOnlyForDeploymentPostprocessing = 0;
		};
/* End PBXSourcesBuildPhase section */

/* Begin PBXVariantGroup section */
		F213BE0A20F9F183007D336B /* Main.storyboard */ = {
			isa = PBXVariantGroup;
			children = (
				F213BE0B20F9F183007D336B /* Base */,
			);
			name = Main.storyboard;
			sourceTree = "<group>";
		};
		F213BE0F20F9F18F007D336B /* LaunchScreen.storyboard */ = {
			isa = PBXVariantGroup;
			children = (
				F213BE1020F9F18F007D336B /* Base */,
			);
			name = LaunchScreen.storyboard;
			sourceTree = "<group>";
		};
/* End PBXVariantGroup section */

/* Begin XCBuildConfiguration section */
		F213BE1320F9F18F007D336B /* Debug */ = {
			isa = XCBuildConfiguration;
			buildSettings = {
				ALWAYS_SEARCH_USER_PATHS = NO;
				CLANG_ANALYZER_NONNULL = YES;
				CLANG_ANALYZER_NUMBER_OBJECT_CONVERSION = YES_AGGRESSIVE;
				CLANG_CXX_LANGUAGE_STANDARD = "gnu++14";
				CLANG_CXX_LIBRARY = "libc++";
				CLANG_ENABLE_MODULES = YES;
				CLANG_ENABLE_OBJC_ARC = YES;
				CLANG_ENABLE_OBJC_WEAK = YES;
				CLANG_WARN_BLOCK_CAPTURE_AUTORELEASING = YES;
				CLANG_WARN_BOOL_CONVERSION = YES;
				CLANG_WARN_COMMA = YES;
				CLANG_WARN_CONSTANT_CONVERSION = YES;
				CLANG_WARN_DEPRECATED_OBJC_IMPLEMENTATIONS = YES;
				CLANG_WARN_DIRECT_OBJC_ISA_USAGE = YES_ERROR;
				CLANG_WARN_DOCUMENTATION_COMMENTS = YES;
				CLANG_WARN_EMPTY_BODY = YES;
				CLANG_WARN_ENUM_CONVERSION = YES;
				CLANG_WARN_INFINITE_RECURSION = YES;
				CLANG_WARN_INT_CONVERSION = YES;
				CLANG_WARN_NON_LITERAL_NULL_CONVERSION = YES;
				CLANG_WARN_OBJC_IMPLICIT_RETAIN_SELF = YES;
				CLANG_WARN_OBJC_LITERAL_CONVERSION = YES;
				CLANG_WARN_OBJC_ROOT_CLASS = YES_ERROR;
				CLANG_WARN_RANGE_LOOP_ANALYSIS = YES;
				CLANG_WARN_STRICT_PROTOTYPES = YES;
				CLANG_WARN_SUSPICIOUS_MOVE = YES;
				CLANG_WARN_UNGUARDED_AVAILABILITY = YES_AGGRESSIVE;
				CLANG_WARN_UNREACHABLE_CODE = YES;
				CLANG_WARN__DUPLICATE_METHOD_MATCH = YES;
				CODE_SIGN_IDENTITY = "iPhone Developer";
				COPY_PHASE_STRIP = NO;
				DEBUG_INFORMATION_FORMAT = dwarf;
				ENABLE_STRICT_OBJC_MSGSEND = YES;
				ENABLE_TESTABILITY = YES;
				GCC_C_LANGUAGE_STANDARD = gnu11;
				GCC_DYNAMIC_NO_PIC = NO;
				GCC_NO_COMMON_BLOCKS = YES;
				GCC_OPTIMIZATION_LEVEL = 0;
				GCC_PREPROCESSOR_DEFINITIONS = (
					"DEBUG=1",
					"$(inherited)",
				);
				GCC_WARN_64_TO_32_BIT_CONVERSION = YES;
				GCC_WARN_ABOUT_RETURN_TYPE = YES_ERROR;
				GCC_WARN_UNDECLARED_SELECTOR = YES;
				GCC_WARN_UNINITIALIZED_AUTOS = YES_AGGRESSIVE;
				GCC_WARN_UNUSED_FUNCTION = YES;
				GCC_WARN_UNUSED_VARIABLE = YES;
				IPHONEOS_DEPLOYMENT_TARGET = 11.4;
				MTL_ENABLE_DEBUG_INFO = YES;
				ONLY_ACTIVE_ARCH = YES;
				SDKROOT = iphoneos;
				SWIFT_ACTIVE_COMPILATION_CONDITIONS = DEBUG;
				SWIFT_OPTIMIZATION_LEVEL = "-Onone";
			};
			name = Debug;
		};
		F213BE1420F9F18F007D336B /* Release */ = {
			isa = XCBuildConfiguration;
			buildSettings = {
				ALWAYS_SEARCH_USER_PATHS = NO;
				CLANG_ANALYZER_NONNULL = YES;
				CLANG_ANALYZER_NUMBER_OBJECT_CONVERSION = YES_AGGRESSIVE;
				CLANG_CXX_LANGUAGE_STANDARD = "gnu++14";
				CLANG_CXX_LIBRARY = "libc++";
				CLANG_ENABLE_MODULES = YES;
				CLANG_ENABLE_OBJC_ARC = YES;
				CLANG_ENABLE_OBJC_WEAK = YES;
				CLANG_WARN_BLOCK_CAPTURE_AUTORELEASING = YES;
				CLANG_WARN_BOOL_CONVERSION = YES;
				CLANG_WARN_COMMA = YES;
				CLANG_WARN_CONSTANT_CONVERSION = YES;
				CLANG_WARN_DEPRECATED_OBJC_IMPLEMENTATIONS = YES;
				CLANG_WARN_DIRECT_OBJC_ISA_USAGE = YES_ERROR;
				CLANG_WARN_DOCUMENTATION_COMMENTS = YES;
				CLANG_WARN_EMPTY_BODY = YES;
				CLANG_WARN_ENUM_CONVERSION = YES;
				CLANG_WARN_INFINITE_RECURSION = YES;
				CLANG_WARN_INT_CONVERSION = YES;
				CLANG_WARN_NON_LITERAL_NULL_CONVERSION = YES;
				CLANG_WARN_OBJC_IMPLICIT_RETAIN_SELF = YES;
				CLANG_WARN_OBJC_LITERAL_CONVERSION = YES;
				CLANG_WARN_OBJC_ROOT_CLASS = YES_ERROR;
				CLANG_WARN_RANGE_LOOP_ANALYSIS = YES;
				CLANG_WARN_STRICT_PROTOTYPES = YES;
				CLANG_WARN_SUSPICIOUS_MOVE = YES;
				CLANG_WARN_UNGUARDED_AVAILABILITY = YES_AGGRESSIVE;
				CLANG_WARN_UNREACHABLE_CODE = YES;
				CLANG_WARN__DUPLICATE_METHOD_MATCH = YES;
				CODE_SIGN_IDENTITY = "iPhone Developer";
				COPY_PHASE_STRIP = NO;
				DEBUG_INFORMATION_FORMAT = "dwarf-with-dsym";
				ENABLE_NS_ASSERTIONS = NO;
				ENABLE_STRICT_OBJC_MSGSEND = YES;
				GCC_C_LANGUAGE_STANDARD = gnu11;
				GCC_NO_COMMON_BLOCKS = YES;
				GCC_WARN_64_TO_32_BIT_CONVERSION = YES;
				GCC_WARN_ABOUT_RETURN_TYPE = YES_ERROR;
				GCC_WARN_UNDECLARED_SELECTOR = YES;
				GCC_WARN_UNINITIALIZED_AUTOS = YES_AGGRESSIVE;
				GCC_WARN_UNUSED_FUNCTION = YES;
				GCC_WARN_UNUSED_VARIABLE = YES;
				IPHONEOS_DEPLOYMENT_TARGET = 11.4;
				MTL_ENABLE_DEBUG_INFO = NO;
				SDKROOT = iphoneos;
				SWIFT_COMPILATION_MODE = wholemodule;
				SWIFT_OPTIMIZATION_LEVEL = "-O";
				VALIDATE_PRODUCT = YES;
			};
			name = Release;
		};
		F213BE1620F9F18F007D336B /* Debug */ = {
			isa = XCBuildConfiguration;
			baseConfigurationReference = 0C602C2D27377EF3C13FAD28 /* Pods-Quran Search Engine.debug.xcconfig */;
			buildSettings = {
				ASSETCATALOG_COMPILER_APPICON_NAME = AppIcon;
				CODE_SIGN_IDENTITY = "iPhone Developer";
				CODE_SIGN_STYLE = Automatic;
				DEVELOPMENT_TEAM = N26XM7U465;
				INFOPLIST_FILE = "Quran Search Engine/Info.plist";
				IPHONEOS_DEPLOYMENT_TARGET = 11.0;
				LD_RUNPATH_SEARCH_PATHS = (
					"$(inherited)",
					"@executable_path/Frameworks",
				);
				PRODUCT_BUNDLE_IDENTIFIER = "com.coder.quran.search.engine.Quran-Search-Engine";
				PRODUCT_NAME = "$(TARGET_NAME)";
				PROVISIONING_PROFILE_SPECIFIER = "";
				SWIFT_VERSION = 4.0;
				TARGETED_DEVICE_FAMILY = "1,2";
			};
			name = Debug;
		};
		F213BE1720F9F18F007D336B /* Release */ = {
			isa = XCBuildConfiguration;
			baseConfigurationReference = 736445692B7DA9916E9AD1D0 /* Pods-Quran Search Engine.release.xcconfig */;
			buildSettings = {
				ASSETCATALOG_COMPILER_APPICON_NAME = AppIcon;
				CODE_SIGN_IDENTITY = "iPhone Developer";
				CODE_SIGN_STYLE = Automatic;
				DEVELOPMENT_TEAM = N26XM7U465;
				INFOPLIST_FILE = "Quran Search Engine/Info.plist";
				IPHONEOS_DEPLOYMENT_TARGET = 11.0;
				LD_RUNPATH_SEARCH_PATHS = (
					"$(inherited)",
					"@executable_path/Frameworks",
				);
				PRODUCT_BUNDLE_IDENTIFIER = "com.coder.quran.search.engine.Quran-Search-Engine";
				PRODUCT_NAME = "$(TARGET_NAME)";
				PROVISIONING_PROFILE_SPECIFIER = "";
				SWIFT_VERSION = 4.0;
				TARGETED_DEVICE_FAMILY = "1,2";
			};
			name = Release;
		};
/* End XCBuildConfiguration section */

/* Begin XCConfigurationList section */
		F213BDFE20F9F183007D336B /* Build configuration list for PBXProject "Quran Search Engine" */ = {
			isa = XCConfigurationList;
			buildConfigurations = (
				F213BE1320F9F18F007D336B /* Debug */,
				F213BE1420F9F18F007D336B /* Release */,
			);
			defaultConfigurationIsVisible = 0;
			defaultConfigurationName = Release;
		};
		F213BE1520F9F18F007D336B /* Build configuration list for PBXNativeTarget "Quran Search Engine" */ = {
			isa = XCConfigurationList;
			buildConfigurations = (
				F213BE1620F9F18F007D336B /* Debug */,
				F213BE1720F9F18F007D336B /* Release */,
			);
			defaultConfigurationIsVisible = 0;
			defaultConfigurationName = Release;
		};
/* End XCConfigurationList section */
	};
	rootObject = F213BDFB20F9F183007D336B /* Project object */;
}
